
Microsoft Visual Studio Solution File, Format Version 12.00
# Visual Studio 15
VisualStudioVersion = 15.0.28307.168
MinimumVisualStudioVersion = 10.0.40219.1
Project("{FAE04EC0-301F-11D3-BF4B-00C04F79EFBC}") = "PriAOPClient", "PriAOPClient\PriAOPClient.csproj", "{79AB5483-A1FC-4264-9312-70B8F13589E8}"
EndProject
Project("{FAE04EC0-301F-11D3-BF4B-00C04F79EFBC}") = "PriAOPServer", "PriAOPServer\PriAOPServer.csproj", "{3A646141-7140-4472-A1BD-337E5552005D}"
EndProject
Global
	GlobalSection(SolutionConfigurationPlatforms) = preSolution
		Debug|Any CPU = Debug|Any CPU
		Release|Any CPU = Release|Any CPU
	EndGlobalSection
	GlobalSection(ProjectConfigurationPlatforms) = postSolution
		{79AB5483-A1FC-4264-9312-70B8F13589E8}.Debug|Any CPU.ActiveCfg = Debug|Any CPU
		{79AB5483-A1FC-4264-9312-70B8F13589E8}.Debug|Any CPU.Build.0 = Debug|Any CPU
		{79AB5483-A1FC-4264-9312-70B8F13589E8}.Release|Any CPU.ActiveCfg = Release|Any CPU
		{79AB5483-A1FC-4264-9312-70B8F13589E8}.Release|Any CPU.Build.0 = Release|Any CPU
		{3A646141-7140-4472-A1BD-337E5552005D}.Debug|Any CPU.ActiveCfg = Debug|Any CPU
		{3A646141-7140-4472-A1BD-337E5552005D}.Debug|Any CPU.Build.0 = Debug|Any CPU
		{3A646141-7140-4472-A1BD-337E5552005D}.Release|Any CPU.ActiveCfg = Release|Any CPU
		{3A646141-7140-4472-A1BD-337E5552005D}.Release|Any CPU.Build.0 = Release|Any CPU
	EndGlobalSection
	GlobalSection(SolutionProperties) = preSolution
		HideSolutionNode = FALSE
	EndGlobalSection
	GlobalSection(ExtensibilityGlobals) = postSolution
		SolutionGuid = {D0014383-5638-45DA-BCA3-B72D068CF3B6}
	EndGlobalSection
EndGlobal
